
Microsoft Visual Studio Solution File, Format Version 12.00
# Visual Studio Version 17
VisualStudioVersion = 17.0.32014.148
MinimumVisualStudioVersion = 10.0.40219.1
Project("{9A19103F-16F7-4668-BE54-9A1E7A4F7556}") = "zadacha6.11", "ConsoleApp1\zadacha6.11.csproj", "{13F49F7F-6546-4C2D-8D79-E1E6F61FD4E8}"
EndProject
Project("{FAE04EC0-301F-11D3-BF4B-00C04F79EFBC}") = "zadacha2.17", "zadacha2.17\zadacha2.17.csproj", "{A3F2D624-678D-4F71-9B99-64DE4D40DFC4}"
EndProject
Project("{FAE04EC0-301F-11D3-BF4B-00C04F79EFBC}") = "zadacha3.18", "zadacha3.18\zadacha3.18.csproj", "{1A616112-2CB5-422B-B088-FE2D1E6DF53D}"
EndProject
Global
	GlobalSection(SolutionConfigurationPlatforms) = preSolution
		Debug|Any CPU = Debug|Any CPU
		Release|Any CPU = Release|Any CPU
	EndGlobalSection
	GlobalSection(ProjectConfigurationPlatforms) = postSolution
		{13F49F7F-6546-4C2D-8D79-E1E6F61FD4E8}.Debug|Any CPU.ActiveCfg = Debug|Any CPU
		{13F49F7F-6546-4C2D-8D79-E1E6F61FD4E8}.Debug|Any CPU.Build.0 = Debug|Any CPU
		{13F49F7F-6546-4C2D-8D79-E1E6F61FD4E8}.Release|Any CPU.ActiveCfg = Release|Any CPU
		{13F49F7F-6546-4C2D-8D79-E1E6F61FD4E8}.Release|Any CPU.Build.0 = Release|Any CPU
		{A3F2D624-678D-4F71-9B99-64DE4D40DFC4}.Debug|Any CPU.ActiveCfg = Debug|Any CPU
		{A3F2D624-678D-4F71-9B99-64DE4D40DFC4}.Debug|Any CPU.Build.0 = Debug|Any CPU
		{A3F2D624-678D-4F71-9B99-64DE4D40DFC4}.Release|Any CPU.ActiveCfg = Release|Any CPU
		{A3F2D624-678D-4F71-9B99-64DE4D40DFC4}.Release|Any CPU.Build.0 = Release|Any CPU
		{1A616112-2CB5-422B-B088-FE2D1E6DF53D}.Debug|Any CPU.ActiveCfg = Debug|Any CPU
		{1A616112-2CB5-422B-B088-FE2D1E6DF53D}.Debug|Any CPU.Build.0 = Debug|Any CPU
		{1A616112-2CB5-422B-B088-FE2D1E6DF53D}.Release|Any CPU.ActiveCfg = Release|Any CPU
		{1A616112-2CB5-422B-B088-FE2D1E6DF53D}.Release|Any CPU.Build.0 = Release|Any CPU
	EndGlobalSection
	GlobalSection(SolutionProperties) = preSolution
		HideSolutionNode = FALSE
	EndGlobalSection
	GlobalSection(ExtensibilityGlobals) = postSolution
		SolutionGuid = {7B977FA4-E481-43C8-A47F-B8C4EE093885}
	EndGlobalSection
EndGlobal
